// !$*UTF8*$!
{
	archiveVersion = 1;
	classes = {
	};
	objectVersion = 52;
	objects = {

/* Begin PBXBuildFile section */
		180540A2262E48B200A57546 /* FirebaseAuth in Frameworks */ = {isa = PBXBuildFile; productRef = 180540A1262E48B200A57546 /* FirebaseAuth */; };
		180540A6262E491100A57546 /* Lottie in Frameworks */ = {isa = PBXBuildFile; productRef = 180540A5262E491100A57546 /* Lottie */; };
		189063552627A46B0055DC05 /* WalletAppApp.swift in Sources */ = {isa = PBXBuildFile; fileRef = 189063542627A46B0055DC05 /* WalletAppApp.swift */; };
		189063572627A46B0055DC05 /* ContentView.swift in Sources */ = {isa = PBXBuildFile; fileRef = 189063562627A46B0055DC05 /* ContentView.swift */; };
		189063592627A46F0055DC05 /* Assets.xcassets in Resources */ = {isa = PBXBuildFile; fileRef = 189063582627A46F0055DC05 /* Assets.xcassets */; };
		1890635C2627A46F0055DC05 /* Preview Assets.xcassets in Resources */ = {isa = PBXBuildFile; fileRef = 1890635B2627A46F0055DC05 /* Preview Assets.xcassets */; };
		189063682627A4F70055DC05 /* LoginView.swift in Sources */ = {isa = PBXBuildFile; fileRef = 189063672627A4F70055DC05 /* LoginView.swift */; };
		1890636B2627A4FD0055DC05 /* LoginViewModel.swift in Sources */ = {isa = PBXBuildFile; fileRef = 1890636A2627A4FD0055DC05 /* LoginViewModel.swift */; };
		1890636E2627A5050055DC05 /* SingUpView.swift in Sources */ = {isa = PBXBuildFile; fileRef = 1890636D2627A5050055DC05 /* SingUpView.swift */; };
		189063822628B1510055DC05 /* WalletView.swift in Sources */ = {isa = PBXBuildFile; fileRef = 189063812628B1510055DC05 /* WalletView.swift */; };
		189063872628D3670055DC05 /* Banner.swift in Sources */ = {isa = PBXBuildFile; fileRef = 189063862628D3670055DC05 /* Banner.swift */; };
		1890638B2629038B0055DC05 /* WalletViewModel.swift in Sources */ = {isa = PBXBuildFile; fileRef = 1890638A2629038B0055DC05 /* WalletViewModel.swift */; };
		18C034F8262DD62A000C7363 /* Card.swift in Sources */ = {isa = PBXBuildFile; fileRef = 18C034F7262DD62A000C7363 /* Card.swift */; };
		18C034FB262DDFB0000C7363 /* CardView.swift in Sources */ = {isa = PBXBuildFile; fileRef = 18C034FA262DDFB0000C7363 /* CardView.swift */; };
/* End PBXBuildFile section */

/* Begin PBXFileReference section */
		189063512627A46B0055DC05 /* WalletApp.app */ = {isa = PBXFileReference; explicitFileType = wrapper.application; includeInIndex = 0; path = WalletApp.app; sourceTree = BUILT_PRODUCTS_DIR; };
		189063542627A46B0055DC05 /* WalletAppApp.swift */ = {isa = PBXFileReference; lastKnownFileType = sourcecode.swift; path = WalletAppApp.swift; sourceTree = "<group>"; };
		189063562627A46B0055DC05 /* ContentView.swift */ = {isa = PBXFileReference; lastKnownFileType = sourcecode.swift; path = ContentView.swift; sourceTree = "<group>"; };
		189063582627A46F0055DC05 /* Assets.xcassets */ = {isa = PBXFileReference; lastKnownFileType = folder.assetcatalog; path = Assets.xcassets; sourceTree = "<group>"; };
		1890635B2627A46F0055DC05 /* Preview Assets.xcassets */ = {isa = PBXFileReference; lastKnownFileType = folder.assetcatalog; path = "Preview Assets.xcassets"; sourceTree = "<group>"; };
		1890635D2627A46F0055DC05 /* Info.plist */ = {isa = PBXFileReference; lastKnownFileType = text.plist.xml; path = Info.plist; sourceTree = "<group>"; };
		189063672627A4F70055DC05 /* LoginView.swift */ = {isa = PBXFileReference; fileEncoding = 4; lastKnownFileType = sourcecode.swift; path = LoginView.swift; sourceTree = "<group>"; };
		1890636A2627A4FD0055DC05 /* LoginViewModel.swift */ = {isa = PBXFileReference; fileEncoding = 4; lastKnownFileType = sourcecode.swift; path = LoginViewModel.swift; sourceTree = "<group>"; };
		1890636D2627A5050055DC05 /* SingUpView.swift */ = {isa = PBXFileReference; fileEncoding = 4; lastKnownFileType = sourcecode.swift; path = SingUpView.swift; sourceTree = "<group>"; };
		189063812628B1510055DC05 /* WalletView.swift */ = {isa = PBXFileReference; lastKnownFileType = sourcecode.swift; path = WalletView.swift; sourceTree = "<group>"; };
		189063862628D3670055DC05 /* Banner.swift */ = {isa = PBXFileReference; lastKnownFileType = sourcecode.swift; path = Banner.swift; sourceTree = "<group>"; };
		1890638A2629038B0055DC05 /* WalletViewModel.swift */ = {isa = PBXFileReference; lastKnownFileType = sourcecode.swift; path = WalletViewModel.swift; sourceTree = "<group>"; };
		18C034F7262DD62A000C7363 /* Card.swift */ = {isa = PBXFileReference; lastKnownFileType = sourcecode.swift; path = Card.swift; sourceTree = "<group>"; };
		18C034FA262DDFB0000C7363 /* CardView.swift */ = {isa = PBXFileReference; lastKnownFileType = sourcecode.swift; path = CardView.swift; sourceTree = "<group>"; };
/* End PBXFileReference section */

/* Begin PBXFrameworksBuildPhase section */
		1890634E2627A46B0055DC05 /* Frameworks */ = {
			isa = PBXFrameworksBuildPhase;
			buildActionMask = 2147483647;
			files = (
				180540A2262E48B200A57546 /* FirebaseAuth in Frameworks */,
				180540A6262E491100A57546 /* Lottie in Frameworks */,
			);
			runOnlyForDeploymentPostprocessing = 0;
		};
/* End PBXFrameworksBuildPhase section */

/* Begin PBXGroup section */
		189063482627A46B0055DC05 = {
			isa = PBXGroup;
			children = (
				189063532627A46B0055DC05 /* WalletApp */,
				189063522627A46B0055DC05 /* Products */,
			);
			sourceTree = "<group>";
		};
		189063522627A46B0055DC05 /* Products */ = {
			isa = PBXGroup;
			children = (
				189063512627A46B0055DC05 /* WalletApp.app */,
			);
			name = Products;
			sourceTree = "<group>";
		};
		189063532627A46B0055DC05 /* WalletApp */ = {
			isa = PBXGroup;
			children = (
				1890637E2628B11E0055DC05 /* Wallet */,
				189063642627A49A0055DC05 /* Login */,
				189063542627A46B0055DC05 /* WalletAppApp.swift */,
				189063582627A46F0055DC05 /* Assets.xcassets */,
				1890635D2627A46F0055DC05 /* Info.plist */,
				1890635A2627A46F0055DC05 /* Preview Content */,
			);
			path = WalletApp;
			sourceTree = "<group>";
		};
		1890635A2627A46F0055DC05 /* Preview Content */ = {
			isa = PBXGroup;
			children = (
				1890635B2627A46F0055DC05 /* Preview Assets.xcassets */,
			);
			path = "Preview Content";
			sourceTree = "<group>";
		};
		189063642627A49A0055DC05 /* Login */ = {
			isa = PBXGroup;
			children = (
				189063662627A4A70055DC05 /* ViewModel */,
				189063652627A4A10055DC05 /* View */,
			);
			path = Login;
			sourceTree = "<group>";
		};
		189063652627A4A10055DC05 /* View */ = {
			isa = PBXGroup;
			children = (
				1890636D2627A5050055DC05 /* SingUpView.swift */,
				189063672627A4F70055DC05 /* LoginView.swift */,
				189063562627A46B0055DC05 /* ContentView.swift */,
			);
			name = View;
			sourceTree = "<group>";
		};
		189063662627A4A70055DC05 /* ViewModel */ = {
			isa = PBXGroup;
			children = (
				1890636A2627A4FD0055DC05 /* LoginViewModel.swift */,
			);
			name = ViewModel;
			sourceTree = "<group>";
		};
		1890637E2628B11E0055DC05 /* Wallet */ = {
			isa = PBXGroup;
			children = (
				189063852628D3580055DC05 /* Model */,
				189063802628B1340055DC05 /* ViewModel */,
				1890637F2628B12A0055DC05 /* View */,
			);
			path = Wallet;
			sourceTree = "<group>";
		};
		1890637F2628B12A0055DC05 /* View */ = {
			isa = PBXGroup;
			children = (
				189063812628B1510055DC05 /* WalletView.swift */,
				18C034FA262DDFB0000C7363 /* CardView.swift */,
			);
			name = View;
			sourceTree = "<group>";
		};
		189063802628B1340055DC05 /* ViewModel */ = {
			isa = PBXGroup;
			children = (
				1890638A2629038B0055DC05 /* WalletViewModel.swift */,
			);
			name = ViewModel;
			sourceTree = "<group>";
		};
		189063852628D3580055DC05 /* Model */ = {
			isa = PBXGroup;
			children = (
				189063862628D3670055DC05 /* Banner.swift */,
				18C034F7262DD62A000C7363 /* Card.swift */,
			);
			name = Model;
			sourceTree = "<group>";
		};
/* End PBXGroup section */

/* Begin PBXNativeTarget section */
		189063502627A46B0055DC05 /* WalletApp */ = {
			isa = PBXNativeTarget;
			buildConfigurationList = 189063602627A46F0055DC05 /* Build configuration list for PBXNativeTarget "WalletApp" */;
			buildPhases = (
				1890634D2627A46B0055DC05 /* Sources */,
				1890634E2627A46B0055DC05 /* Frameworks */,
				1890634F2627A46B0055DC05 /* Resources */,
			);
			buildRules = (
			);
			dependencies = (
			);
			name = WalletApp;
			packageProductDependencies = (
				180540A1262E48B200A57546 /* FirebaseAuth */,
				180540A5262E491100A57546 /* Lottie */,
			);
			productName = WalletApp;
			productReference = 189063512627A46B0055DC05 /* WalletApp.app */;
			productType = "com.apple.product-type.application";
		};
/* End PBXNativeTarget section */

/* Begin PBXProject section */
		189063492627A46B0055DC05 /* Project object */ = {
			isa = PBXProject;
			attributes = {
				LastSwiftUpdateCheck = 1200;
				LastUpgradeCheck = 1200;
				TargetAttributes = {
					189063502627A46B0055DC05 = {
						CreatedOnToolsVersion = 12.0;
					};
				};
			};
			buildConfigurationList = 1890634C2627A46B0055DC05 /* Build configuration list for PBXProject "WalletApp" */;
			compatibilityVersion = "Xcode 9.3";
			developmentRegion = en;
			hasScannedForEncodings = 0;
			knownRegions = (
				en,
				Base,
			);
			mainGroup = 189063482627A46B0055DC05;
			packageReferences = (
				180540A0262E48B200A57546 /* XCRemoteSwiftPackageReference "firebase-ios-sdk" */,
				180540A4262E491100A57546 /* XCRemoteSwiftPackageReference "lottie-ios" */,
			);
			productRefGroup = 189063522627A46B0055DC05 /* Products */;
			projectDirPath = "";
			projectRoot = "";
			targets = (
				189063502627A46B0055DC05 /* WalletApp */,
			);
		};
/* End PBXProject section */

/* Begin PBXResourcesBuildPhase section */
		1890634F2627A46B0055DC05 /* Resources */ = {
			isa = PBXResourcesBuildPhase;
			buildActionMask = 2147483647;
			files = (
				1890635C2627A46F0055DC05 /* Preview Assets.xcassets in Resources */,
				189063592627A46F0055DC05 /* Assets.xcassets in Resources */,
			);
			runOnlyForDeploymentPostprocessing = 0;
		};
/* End PBXResourcesBuildPhase section */

/* Begin PBXSourcesBuildPhase section */
		1890634D2627A46B0055DC05 /* Sources */ = {
			isa = PBXSourcesBuildPhase;
			buildActionMask = 2147483647;
			files = (
				1890636E2627A5050055DC05 /* SingUpView.swift in Sources */,
				18C034F8262DD62A000C7363 /* Card.swift in Sources */,
				1890636B2627A4FD0055DC05 /* LoginViewModel.swift in Sources */,
				189063682627A4F70055DC05 /* LoginView.swift in Sources */,
				18C034FB262DDFB0000C7363 /* CardView.swift in Sources */,
				189063572627A46B0055DC05 /* ContentView.swift in Sources */,
				189063872628D3670055DC05 /* Banner.swift in Sources */,
				1890638B2629038B0055DC05 /* WalletViewModel.swift in Sources */,
				189063552627A46B0055DC05 /* WalletAppApp.swift in Sources */,
				189063822628B1510055DC05 /* WalletView.swift in Sources */,
			);
			runOnlyForDeploymentPostprocessing = 0;
		};
/* End PBXSourcesBuildPhase section */

/* Begin XCBuildConfiguration section */
		1890635E2627A46F0055DC05 /* Debug */ = {
			isa = XCBuildConfiguration;
			buildSettings = {
				ALWAYS_SEARCH_USER_PATHS = NO;
				CLANG_ANALYZER_NONNULL = YES;
				CLANG_ANALYZER_NUMBER_OBJECT_CONVERSION = YES_AGGRESSIVE;
				CLANG_CXX_LANGUAGE_STANDARD = "gnu++14";
				CLANG_CXX_LIBRARY = "libc++";
				CLANG_ENABLE_MODULES = YES;
				CLANG_ENABLE_OBJC_ARC = YES;
				CLANG_ENABLE_OBJC_WEAK = YES;
				CLANG_WARN_BLOCK_CAPTURE_AUTORELEASING = YES;
				CLANG_WARN_BOOL_CONVERSION = YES;
				CLANG_WARN_COMMA = YES;
				CLANG_WARN_CONSTANT_CONVERSION = YES;
				CLANG_WARN_DEPRECATED_OBJC_IMPLEMENTATIONS = YES;
				CLANG_WARN_DIRECT_OBJC_ISA_USAGE = YES_ERROR;
				CLANG_WARN_DOCUMENTATION_COMMENTS = YES;
				CLANG_WARN_EMPTY_BODY = YES;
				CLANG_WARN_ENUM_CONVERSION = YES;
				CLANG_WARN_INFINITE_RECURSION = YES;
				CLANG_WARN_INT_CONVERSION = YES;
				CLANG_WARN_NON_LITERAL_NULL_CONVERSION = YES;
				CLANG_WARN_OBJC_IMPLICIT_RETAIN_SELF = YES;
				CLANG_WARN_OBJC_LITERAL_CONVERSION = YES;
				CLANG_WARN_OBJC_ROOT_CLASS = YES_ERROR;
				CLANG_WARN_QUOTED_INCLUDE_IN_FRAMEWORK_HEADER = YES;
				CLANG_WARN_RANGE_LOOP_ANALYSIS = YES;
				CLANG_WARN_STRICT_PROTOTYPES = YES;
				CLANG_WARN_SUSPICIOUS_MOVE = YES;
				CLANG_WARN_UNGUARDED_AVAILABILITY = YES_AGGRESSIVE;
				CLANG_WARN_UNREACHABLE_CODE = YES;
				CLANG_WARN__DUPLICATE_METHOD_MATCH = YES;
				COPY_PHASE_STRIP = NO;
				DEBUG_INFORMATION_FORMAT = dwarf;
				ENABLE_STRICT_OBJC_MSGSEND = YES;
				ENABLE_TESTABILITY = YES;
				GCC_C_LANGUAGE_STANDARD = gnu11;
				GCC_DYNAMIC_NO_PIC = NO;
				GCC_NO_COMMON_BLOCKS = YES;
				GCC_OPTIMIZATION_LEVEL = 0;
				GCC_PREPROCESSOR_DEFINITIONS = (
					"DEBUG=1",
					"$(inherited)",
				);
				GCC_WARN_64_TO_32_BIT_CONVERSION = YES;
				GCC_WARN_ABOUT_RETURN_TYPE = YES_ERROR;
				GCC_WARN_UNDECLARED_SELECTOR = YES;
				GCC_WARN_UNINITIALIZED_AUTOS = YES_AGGRESSIVE;
				GCC_WARN_UNUSED_FUNCTION = YES;
				GCC_WARN_UNUSED_VARIABLE = YES;
				IPHONEOS_DEPLOYMENT_TARGET = 14.0;
				MTL_ENABLE_DEBUG_INFO = INCLUDE_SOURCE;
				MTL_FAST_MATH = YES;
				ONLY_ACTIVE_ARCH = YES;
				SDKROOT = iphoneos;
				SWIFT_ACTIVE_COMPILATION_CONDITIONS = DEBUG;
				SWIFT_OPTIMIZATION_LEVEL = "-Onone";
			};
			name = Debug;
		};
		1890635F2627A46F0055DC05 /* Release */ = {
			isa = XCBuildConfiguration;
			buildSettings = {
				ALWAYS_SEARCH_USER_PATHS = NO;
				CLANG_ANALYZER_NONNULL = YES;
				CLANG_ANALYZER_NUMBER_OBJECT_CONVERSION = YES_AGGRESSIVE;
				CLANG_CXX_LANGUAGE_STANDARD = "gnu++14";
				CLANG_CXX_LIBRARY = "libc++";
				CLANG_ENABLE_MODULES = YES;
				CLANG_ENABLE_OBJC_ARC = YES;
				CLANG_ENABLE_OBJC_WEAK = YES;
				CLANG_WARN_BLOCK_CAPTURE_AUTORELEASING = YES;
				CLANG_WARN_BOOL_CONVERSION = YES;
				CLANG_WARN_COMMA = YES;
				CLANG_WARN_CONSTANT_CONVERSION = YES;
				CLANG_WARN_DEPRECATED_OBJC_IMPLEMENTATIONS = YES;
				CLANG_WARN_DIRECT_OBJC_ISA_USAGE = YES_ERROR;
				CLANG_WARN_DOCUMENTATION_COMMENTS = YES;
				CLANG_WARN_EMPTY_BODY = YES;
				CLANG_WARN_ENUM_CONVERSION = YES;
				CLANG_WARN_INFINITE_RECURSION = YES;
				CLANG_WARN_INT_CONVERSION = YES;
				CLANG_WARN_NON_LITERAL_NULL_CONVERSION = YES;
				CLANG_WARN_OBJC_IMPLICIT_RETAIN_SELF = YES;
				CLANG_WARN_OBJC_LITERAL_CONVERSION = YES;
				CLANG_WARN_OBJC_ROOT_CLASS = YES_ERROR;
				CLANG_WARN_QUOTED_INCLUDE_IN_FRAMEWORK_HEADER = YES;
				CLANG_WARN_RANGE_LOOP_ANALYSIS = YES;
				CLANG_WARN_STRICT_PROTOTYPES = YES;
				CLANG_WARN_SUSPICIOUS_MOVE = YES;
				CLANG_WARN_UNGUARDED_AVAILABILITY = YES_AGGRESSIVE;
				CLANG_WARN_UNREACHABLE_CODE = YES;
				CLANG_WARN__DUPLICATE_METHOD_MATCH = YES;
				COPY_PHASE_STRIP = NO;
				DEBUG_INFORMATION_FORMAT = "dwarf-with-dsym";
				ENABLE_NS_ASSERTIONS = NO;
				ENABLE_STRICT_OBJC_MSGSEND = YES;
				GCC_C_LANGUAGE_STANDARD = gnu11;
				GCC_NO_COMMON_BLOCKS = YES;
				GCC_WARN_64_TO_32_BIT_CONVERSION = YES;
				GCC_WARN_ABOUT_RETURN_TYPE = YES_ERROR;
				GCC_WARN_UNDECLARED_SELECTOR = YES;
				GCC_WARN_UNINITIALIZED_AUTOS = YES_AGGRESSIVE;
				GCC_WARN_UNUSED_FUNCTION = YES;
				GCC_WARN_UNUSED_VARIABLE = YES;
				IPHONEOS_DEPLOYMENT_TARGET = 14.0;
				MTL_ENABLE_DEBUG_INFO = NO;
				MTL_FAST_MATH = YES;
				SDKROOT = iphoneos;
				SWIFT_COMPILATION_MODE = wholemodule;
				SWIFT_OPTIMIZATION_LEVEL = "-O";
				VALIDATE_PRODUCT = YES;
			};
			name = Release;
		};
		189063612627A46F0055DC05 /* Debug */ = {
			isa = XCBuildConfiguration;
			buildSettings = {
				ASSETCATALOG_COMPILER_APPICON_NAME = AppIcon;
				ASSETCATALOG_COMPILER_GLOBAL_ACCENT_COLOR_NAME = AccentColor;
				CODE_SIGN_STYLE = Automatic;
				DEVELOPMENT_ASSET_PATHS = "\"WalletApp/Preview Content\"";
				ENABLE_PREVIEWS = YES;
				INFOPLIST_FILE = WalletApp/Info.plist;
				IPHONEOS_DEPLOYMENT_TARGET = 14.0;
				LD_RUNPATH_SEARCH_PATHS = (
					"$(inherited)",
					"@executable_path/Frameworks",
				);
				PRODUCT_BUNDLE_IDENTIFIER = com.globant.WalletApp;
				PRODUCT_NAME = "$(TARGET_NAME)";
				SWIFT_VERSION = 5.0;
				TARGETED_DEVICE_FAMILY = "1,2";
			};
			name = Debug;
		};
		189063622627A46F0055DC05 /* Release */ = {
			isa = XCBuildConfiguration;
			buildSettings = {
				ASSETCATALOG_COMPILER_APPICON_NAME = AppIcon;
				ASSETCATALOG_COMPILER_GLOBAL_ACCENT_COLOR_NAME = AccentColor;
				CODE_SIGN_STYLE = Automatic;
				DEVELOPMENT_ASSET_PATHS = "\"WalletApp/Preview Content\"";
				ENABLE_PREVIEWS = YES;
				INFOPLIST_FILE = WalletApp/Info.plist;
				IPHONEOS_DEPLOYMENT_TARGET = 14.0;
				LD_RUNPATH_SEARCH_PATHS = (
					"$(inherited)",
					"@executable_path/Frameworks",
				);
				PRODUCT_BUNDLE_IDENTIFIER = com.globant.WalletApp;
				PRODUCT_NAME = "$(TARGET_NAME)";
				SWIFT_VERSION = 5.0;
				TARGETED_DEVICE_FAMILY = "1,2";
			};
			name = Release;
		};
/* End XCBuildConfiguration section */

/* Begin XCConfigurationList section */
		1890634C2627A46B0055DC05 /* Build configuration list for PBXProject "WalletApp" */ = {
			isa = XCConfigurationList;
			buildConfigurations = (
				1890635E2627A46F0055DC05 /* Debug */,
				1890635F2627A46F0055DC05 /* Release */,
			);
			defaultConfigurationIsVisible = 0;
			defaultConfigurationName = Release;
		};
		189063602627A46F0055DC05 /* Build configuration list for PBXNativeTarget "WalletApp" */ = {
			isa = XCConfigurationList;
			buildConfigurations = (
				189063612627A46F0055DC05 /* Debug */,
				189063622627A46F0055DC05 /* Release */,
			);
			defaultConfigurationIsVisible = 0;
			defaultConfigurationName = Release;
		};
/* End XCConfigurationList section */

/* Begin XCRemoteSwiftPackageReference section */
		180540A0262E48B200A57546 /* XCRemoteSwiftPackageReference "firebase-ios-sdk" */ = {
			isa = XCRemoteSwiftPackageReference;
			repositoryURL = "https://github.com/firebase/firebase-ios-sdk.git";
			requirement = {
				kind = upToNextMajorVersion;
				minimumVersion = 7.10.0;
			};
		};
		180540A4262E491100A57546 /* XCRemoteSwiftPackageReference "lottie-ios" */ = {
			isa = XCRemoteSwiftPackageReference;
			repositoryURL = "https://github.com/airbnb/lottie-ios";
			requirement = {
				kind = upToNextMajorVersion;
				minimumVersion = 3.2.1;
			};
		};
/* End XCRemoteSwiftPackageReference section */

/* Begin XCSwiftPackageProductDependency section */
		180540A1262E48B200A57546 /* FirebaseAuth */ = {
			isa = XCSwiftPackageProductDependency;
			package = 180540A0262E48B200A57546 /* XCRemoteSwiftPackageReference "firebase-ios-sdk" */;
			productName = FirebaseAuth;
		};
		180540A5262E491100A57546 /* Lottie */ = {
			isa = XCSwiftPackageProductDependency;
			package = 180540A4262E491100A57546 /* XCRemoteSwiftPackageReference "lottie-ios" */;
			productName = Lottie;
		};
/* End XCSwiftPackageProductDependency section */
	};
	rootObject = 189063492627A46B0055DC05 /* Project object */;
}
